
Microsoft Visual Studio Solution File, Format Version 12.00
# Visual Studio Version 17
VisualStudioVersion = 17.3.32811.315
MinimumVisualStudioVersion = 10.0.40219.1
Project("{FAE04EC0-301F-11D3-BF4B-00C04F79EFBC}") = "IntegrationTestsExample.Api", "IntegrationTestsExample.Api\IntegrationTestsExample.Api.csproj", "{D10792B7-C26A-464D-867B-6F851C1D888C}"
EndProject
Project("{FAE04EC0-301F-11D3-BF4B-00C04F79EFBC}") = "IntegrationTestsExample.IntegrationTests", "IntegrationTestsExample.IntegrationTests\IntegrationTestsExample.IntegrationTests.csproj", "{E479E023-7BAF-444C-A410-877740148255}"
EndProject
Global
	GlobalSection(SolutionConfigurationPlatforms) = preSolution
		Debug|Any CPU = Debug|Any CPU
		Release|Any CPU = Release|Any CPU
	EndGlobalSection
	GlobalSection(ProjectConfigurationPlatforms) = postSolution
		{D10792B7-C26A-464D-867B-6F851C1D888C}.Debug|Any CPU.ActiveCfg = Debug|Any CPU
		{D10792B7-C26A-464D-867B-6F851C1D888C}.Debug|Any CPU.Build.0 = Debug|Any CPU
		{D10792B7-C26A-464D-867B-6F851C1D888C}.Release|Any CPU.ActiveCfg = Release|Any CPU
		{D10792B7-C26A-464D-867B-6F851C1D888C}.Release|Any CPU.Build.0 = Release|Any CPU
		{E479E023-7BAF-444C-A410-877740148255}.Debug|Any CPU.ActiveCfg = Debug|Any CPU
		{E479E023-7BAF-444C-A410-877740148255}.Debug|Any CPU.Build.0 = Debug|Any CPU
		{E479E023-7BAF-444C-A410-877740148255}.Release|Any CPU.ActiveCfg = Release|Any CPU
		{E479E023-7BAF-444C-A410-877740148255}.Release|Any CPU.Build.0 = Release|Any CPU
	EndGlobalSection
	GlobalSection(SolutionProperties) = preSolution
		HideSolutionNode = FALSE
	EndGlobalSection
	GlobalSection(ExtensibilityGlobals) = postSolution
		SolutionGuid = {4B950455-A8F0-46DD-9530-FAC67A450E1E}
	EndGlobalSection
EndGlobal
